// !$*UTF8*$!
{
	archiveVersion = 1;
	classes = {
	};
	objectVersion = 55;
	objects = {

/* Begin PBXBuildFile section */
		5B658DFE287C092E008D6022 /* AppDelegate.swift in Sources */ = {isa = PBXBuildFile; fileRef = 5B658DFD287C092E008D6022 /* AppDelegate.swift */; };
		5B658E00287C092E008D6022 /* SceneDelegate.swift in Sources */ = {isa = PBXBuildFile; fileRef = 5B658DFF287C092E008D6022 /* SceneDelegate.swift */; };
		5B658E02287C092E008D6022 /* ViewController.swift in Sources */ = {isa = PBXBuildFile; fileRef = 5B658E01287C092E008D6022 /* ViewController.swift */; };
		5B658E05287C092E008D6022 /* Main.storyboard in Resources */ = {isa = PBXBuildFile; fileRef = 5B658E03287C092E008D6022 /* Main.storyboard */; };
		5B658E07287C0930008D6022 /* Assets.xcassets in Resources */ = {isa = PBXBuildFile; fileRef = 5B658E06287C0930008D6022 /* Assets.xcassets */; };
		5B658E0A287C0930008D6022 /* LaunchScreen.storyboard in Resources */ = {isa = PBXBuildFile; fileRef = 5B658E08287C0930008D6022 /* LaunchScreen.storyboard */; };
		5B658E15287C0930008D6022 /* RevertTestTests.swift in Sources */ = {isa = PBXBuildFile; fileRef = 5B658E14287C0930008D6022 /* RevertTestTests.swift */; };
		5B658E1F287C0930008D6022 /* RevertTestUITests.swift in Sources */ = {isa = PBXBuildFile; fileRef = 5B658E1E287C0930008D6022 /* RevertTestUITests.swift */; };
		5B658E21287C0930008D6022 /* RevertTestUITestsLaunchTests.swift in Sources */ = {isa = PBXBuildFile; fileRef = 5B658E20287C0930008D6022 /* RevertTestUITestsLaunchTests.swift */; };
/* End PBXBuildFile section */

/* Begin PBXContainerItemProxy section */
		5B658E11287C0930008D6022 /* PBXContainerItemProxy */ = {
			isa = PBXContainerItemProxy;
			containerPortal = 5B658DF2287C092E008D6022 /* Project object */;
			proxyType = 1;
			remoteGlobalIDString = 5B658DF9287C092E008D6022;
			remoteInfo = RevertTest;
		};
		5B658E1B287C0930008D6022 /* PBXContainerItemProxy */ = {
			isa = PBXContainerItemProxy;
			containerPortal = 5B658DF2287C092E008D6022 /* Project object */;
			proxyType = 1;
			remoteGlobalIDString = 5B658DF9287C092E008D6022;
			remoteInfo = RevertTest;
		};
/* End PBXContainerItemProxy section */

/* Begin PBXFileReference section */
		5B658DFA287C092E008D6022 /* RevertTest.app */ = {isa = PBXFileReference; explicitFileType = wrapper.application; includeInIndex = 0; path = RevertTest.app; sourceTree = BUILT_PRODUCTS_DIR; };
		5B658DFD287C092E008D6022 /* AppDelegate.swift */ = {isa = PBXFileReference; lastKnownFileType = sourcecode.swift; path = AppDelegate.swift; sourceTree = "<group>"; };
		5B658DFF287C092E008D6022 /* SceneDelegate.swift */ = {isa = PBXFileReference; lastKnownFileType = sourcecode.swift; path = SceneDelegate.swift; sourceTree = "<group>"; };
		5B658E01287C092E008D6022 /* ViewController.swift */ = {isa = PBXFileReference; lastKnownFileType = sourcecode.swift; path = ViewController.swift; sourceTree = "<group>"; };
		5B658E04287C092E008D6022 /* Base */ = {isa = PBXFileReference; lastKnownFileType = file.storyboard; name = Base; path = Base.lproj/Main.storyboard; sourceTree = "<group>"; };
		5B658E06287C0930008D6022 /* Assets.xcassets */ = {isa = PBXFileReference; lastKnownFileType = folder.assetcatalog; path = Assets.xcassets; sourceTree = "<group>"; };
		5B658E09287C0930008D6022 /* Base */ = {isa = PBXFileReference; lastKnownFileType = file.storyboard; name = Base; path = Base.lproj/LaunchScreen.storyboard; sourceTree = "<group>"; };
		5B658E0B287C0930008D6022 /* Info.plist */ = {isa = PBXFileReference; lastKnownFileType = text.plist.xml; path = Info.plist; sourceTree = "<group>"; };
		5B658E10287C0930008D6022 /* RevertTestTests.xctest */ = {isa = PBXFileReference; explicitFileType = wrapper.cfbundle; includeInIndex = 0; path = RevertTestTests.xctest; sourceTree = BUILT_PRODUCTS_DIR; };
		5B658E14287C0930008D6022 /* RevertTestTests.swift */ = {isa = PBXFileReference; lastKnownFileType = sourcecode.swift; path = RevertTestTests.swift; sourceTree = "<group>"; };
		5B658E1A287C0930008D6022 /* RevertTestUITests.xctest */ = {isa = PBXFileReference; explicitFileType = wrapper.cfbundle; includeInIndex = 0; path = RevertTestUITests.xctest; sourceTree = BUILT_PRODUCTS_DIR; };
		5B658E1E287C0930008D6022 /* RevertTestUITests.swift */ = {isa = PBXFileReference; lastKnownFileType = sourcecode.swift; path = RevertTestUITests.swift; sourceTree = "<group>"; };
		5B658E20287C0930008D6022 /* RevertTestUITestsLaunchTests.swift */ = {isa = PBXFileReference; lastKnownFileType = sourcecode.swift; path = RevertTestUITestsLaunchTests.swift; sourceTree = "<group>"; };
/* End PBXFileReference section */

/* Begin PBXFrameworksBuildPhase section */
		5B658DF7287C092E008D6022 /* Frameworks */ = {
			isa = PBXFrameworksBuildPhase;
			buildActionMask = 2147483647;
			files = (
			);
			runOnlyForDeploymentPostprocessing = 0;
		};
		5B658E0D287C0930008D6022 /* Frameworks */ = {
			isa = PBXFrameworksBuildPhase;
			buildActionMask = 2147483647;
			files = (
			);
			runOnlyForDeploymentPostprocessing = 0;
		};
		5B658E17287C0930008D6022 /* Frameworks */ = {
			isa = PBXFrameworksBuildPhase;
			buildActionMask = 2147483647;
			files = (
			);
			runOnlyForDeploymentPostprocessing = 0;
		};
/* End PBXFrameworksBuildPhase section */

/* Begin PBXGroup section */
		5B658DF1287C092E008D6022 = {
			isa = PBXGroup;
			children = (
				5B658DFC287C092E008D6022 /* RevertTest */,
				5B658E13287C0930008D6022 /* RevertTestTests */,
				5B658E1D287C0930008D6022 /* RevertTestUITests */,
				5B658DFB287C092E008D6022 /* Products */,
			);
			sourceTree = "<group>";
		};
		5B658DFB287C092E008D6022 /* Products */ = {
			isa = PBXGroup;
			children = (
				5B658DFA287C092E008D6022 /* RevertTest.app */,
				5B658E10287C0930008D6022 /* RevertTestTests.xctest */,
				5B658E1A287C0930008D6022 /* RevertTestUITests.xctest */,
			);
			name = Products;
			sourceTree = "<group>";
		};
		5B658DFC287C092E008D6022 /* RevertTest */ = {
			isa = PBXGroup;
			children = (
				5B658DFD287C092E008D6022 /* AppDelegate.swift */,
				5B658DFF287C092E008D6022 /* SceneDelegate.swift */,
				5B658E01287C092E008D6022 /* ViewController.swift */,
				5B658E03287C092E008D6022 /* Main.storyboard */,
				5B658E06287C0930008D6022 /* Assets.xcassets */,
				5B658E08287C0930008D6022 /* LaunchScreen.storyboard */,
				5B658E0B287C0930008D6022 /* Info.plist */,
			);
			path = RevertTest;
			sourceTree = "<group>";
		};
		5B658E13287C0930008D6022 /* RevertTestTests */ = {
			isa = PBXGroup;
			children = (
				5B658E14287C0930008D6022 /* RevertTestTests.swift */,
			);
			path = RevertTestTests;
			sourceTree = "<group>";
		};
		5B658E1D287C0930008D6022 /* RevertTestUITests */ = {
			isa = PBXGroup;
			children = (
				5B658E1E287C0930008D6022 /* RevertTestUITests.swift */,
				5B658E20287C0930008D6022 /* RevertTestUITestsLaunchTests.swift */,
			);
			path = RevertTestUITests;
			sourceTree = "<group>";
		};
/* End PBXGroup section */

/* Begin PBXNativeTarget section */
		5B658DF9287C092E008D6022 /* RevertTest */ = {
			isa = PBXNativeTarget;
			buildConfigurationList = 5B658E24287C0930008D6022 /* Build configuration list for PBXNativeTarget "RevertTest" */;
			buildPhases = (
				5B658DF6287C092E008D6022 /* Sources */,
				5B658DF7287C092E008D6022 /* Frameworks */,
				5B658DF8287C092E008D6022 /* Resources */,
			);
			buildRules = (
			);
			dependencies = (
			);
			name = RevertTest;
			productName = RevertTest;
			productReference = 5B658DFA287C092E008D6022 /* RevertTest.app */;
			productType = "com.apple.product-type.application";
		};
		5B658E0F287C0930008D6022 /* RevertTestTests */ = {
			isa = PBXNativeTarget;
			buildConfigurationList = 5B658E27287C0930008D6022 /* Build configuration list for PBXNativeTarget "RevertTestTests" */;
			buildPhases = (
				5B658E0C287C0930008D6022 /* Sources */,
				5B658E0D287C0930008D6022 /* Frameworks */,
				5B658E0E287C0930008D6022 /* Resources */,
			);
			buildRules = (
			);
			dependencies = (
				5B658E12287C0930008D6022 /* PBXTargetDependency */,
			);
			name = RevertTestTests;
			productName = RevertTestTests;
			productReference = 5B658E10287C0930008D6022 /* RevertTestTests.xctest */;
			productType = "com.apple.product-type.bundle.unit-test";
		};
		5B658E19287C0930008D6022 /* RevertTestUITests */ = {
			isa = PBXNativeTarget;
			buildConfigurationList = 5B658E2A287C0930008D6022 /* Build configuration list for PBXNativeTarget "RevertTestUITests" */;
			buildPhases = (
				5B658E16287C0930008D6022 /* Sources */,
				5B658E17287C0930008D6022 /* Frameworks */,
				5B658E18287C0930008D6022 /* Resources */,
			);
			buildRules = (
			);
			dependencies = (
				5B658E1C287C0930008D6022 /* PBXTargetDependency */,
			);
			name = RevertTestUITests;
			productName = RevertTestUITests;
			productReference = 5B658E1A287C0930008D6022 /* RevertTestUITests.xctest */;
			productType = "com.apple.product-type.bundle.ui-testing";
		};
/* End PBXNativeTarget section */

/* Begin PBXProject section */
		5B658DF2287C092E008D6022 /* Project object */ = {
			isa = PBXProject;
			attributes = {
				BuildIndependentTargetsInParallel = 1;
				LastSwiftUpdateCheck = 1320;
				LastUpgradeCheck = 1320;
				TargetAttributes = {
					5B658DF9287C092E008D6022 = {
						CreatedOnToolsVersion = 13.2;
					};
					5B658E0F287C0930008D6022 = {
						CreatedOnToolsVersion = 13.2;
						TestTargetID = 5B658DF9287C092E008D6022;
					};
					5B658E19287C0930008D6022 = {
						CreatedOnToolsVersion = 13.2;
						TestTargetID = 5B658DF9287C092E008D6022;
					};
				};
			};
			buildConfigurationList = 5B658DF5287C092E008D6022 /* Build configuration list for PBXProject "RevertTest" */;
			compatibilityVersion = "Xcode 13.0";
			developmentRegion = en;
			hasScannedForEncodings = 0;
			knownRegions = (
				en,
				Base,
			);
			mainGroup = 5B658DF1287C092E008D6022;
			productRefGroup = 5B658DFB287C092E008D6022 /* Products */;
			projectDirPath = "";
			projectRoot = "";
			targets = (
				5B658DF9287C092E008D6022 /* RevertTest */,
				5B658E0F287C0930008D6022 /* RevertTestTests */,
				5B658E19287C0930008D6022 /* RevertTestUITests */,
			);
		};
/* End PBXProject section */

/* Begin PBXResourcesBuildPhase section */
		5B658DF8287C092E008D6022 /* Resources */ = {
			isa = PBXResourcesBuildPhase;
			buildActionMask = 2147483647;
			files = (
				5B658E0A287C0930008D6022 /* LaunchScreen.storyboard in Resources */,
				5B658E07287C0930008D6022 /* Assets.xcassets in Resources */,
				5B658E05287C092E008D6022 /* Main.storyboard in Resources */,
			);
			runOnlyForDeploymentPostprocessing = 0;
		};
		5B658E0E287C0930008D6022 /* Resources */ = {
			isa = PBXResourcesBuildPhase;
			buildActionMask = 2147483647;
			files = (
			);
			runOnlyForDeploymentPostprocessing = 0;
		};
		5B658E18287C0930008D6022 /* Resources */ = {
			isa = PBXResourcesBuildPhase;
			buildActionMask = 2147483647;
			files = (
			);
			runOnlyForDeploymentPostprocessing = 0;
		};
/* End PBXResourcesBuildPhase section */

/* Begin PBXSourcesBuildPhase section */
		5B658DF6287C092E008D6022 /* Sources */ = {
			isa = PBXSourcesBuildPhase;
			buildActionMask = 2147483647;
			files = (
				5B658E02287C092E008D6022 /* ViewController.swift in Sources */,
				5B658DFE287C092E008D6022 /* AppDelegate.swift in Sources */,
				5B658E00287C092E008D6022 /* SceneDelegate.swift in Sources */,
			);
			runOnlyForDeploymentPostprocessing = 0;
		};
		5B658E0C287C0930008D6022 /* Sources */ = {
			isa = PBXSourcesBuildPhase;
			buildActionMask = 2147483647;
			files = (
				5B658E15287C0930008D6022 /* RevertTestTests.swift in Sources */,
			);
			runOnlyForDeploymentPostprocessing = 0;
		};
		5B658E16287C0930008D6022 /* Sources */ = {
			isa = PBXSourcesBuildPhase;
			buildActionMask = 2147483647;
			files = (
				5B658E21287C0930008D6022 /* RevertTestUITestsLaunchTests.swift in Sources */,
				5B658E1F287C0930008D6022 /* RevertTestUITests.swift in Sources */,
			);
			runOnlyForDeploymentPostprocessing = 0;
		};
/* End PBXSourcesBuildPhase section */

/* Begin PBXTargetDependency section */
		5B658E12287C0930008D6022 /* PBXTargetDependency */ = {
			isa = PBXTargetDependency;
			target = 5B658DF9287C092E008D6022 /* RevertTest */;
			targetProxy = 5B658E11287C0930008D6022 /* PBXContainerItemProxy */;
		};
		5B658E1C287C0930008D6022 /* PBXTargetDependency */ = {
			isa = PBXTargetDependency;
			target = 5B658DF9287C092E008D6022 /* RevertTest */;
			targetProxy = 5B658E1B287C0930008D6022 /* PBXContainerItemProxy */;
		};
/* End PBXTargetDependency section */

/* Begin PBXVariantGroup section */
		5B658E03287C092E008D6022 /* Main.storyboard */ = {
			isa = PBXVariantGroup;
			children = (
				5B658E04287C092E008D6022 /* Base */,
			);
			name = Main.storyboard;
			sourceTree = "<group>";
		};
		5B658E08287C0930008D6022 /* LaunchScreen.storyboard */ = {
			isa = PBXVariantGroup;
			children = (
				5B658E09287C0930008D6022 /* Base */,
			);
			name = LaunchScreen.storyboard;
			sourceTree = "<group>";
		};
/* End PBXVariantGroup section */

/* Begin XCBuildConfiguration section */
		5B658E22287C0930008D6022 /* Debug */ = {
			isa = XCBuildConfiguration;
			buildSettings = {
				ALWAYS_SEARCH_USER_PATHS = NO;
				CLANG_ANALYZER_NONNULL = YES;
				CLANG_ANALYZER_NUMBER_OBJECT_CONVERSION = YES_AGGRESSIVE;
				CLANG_CXX_LANGUAGE_STANDARD = "gnu++17";
				CLANG_CXX_LIBRARY = "libc++";
				CLANG_ENABLE_MODULES = YES;
				CLANG_ENABLE_OBJC_ARC = YES;
				CLANG_ENABLE_OBJC_WEAK = YES;
				CLANG_WARN_BLOCK_CAPTURE_AUTORELEASING = YES;
				CLANG_WARN_BOOL_CONVERSION = YES;
				CLANG_WARN_COMMA = YES;
				CLANG_WARN_CONSTANT_CONVERSION = YES;
				CLANG_WARN_DEPRECATED_OBJC_IMPLEMENTATIONS = YES;
				CLANG_WARN_DIRECT_OBJC_ISA_USAGE = YES_ERROR;
				CLANG_WARN_DOCUMENTATION_COMMENTS = YES;
				CLANG_WARN_EMPTY_BODY = YES;
				CLANG_WARN_ENUM_CONVERSION = YES;
				CLANG_WARN_INFINITE_RECURSION = YES;
				CLANG_WARN_INT_CONVERSION = YES;
				CLANG_WARN_NON_LITERAL_NULL_CONVERSION = YES;
				CLANG_WARN_OBJC_IMPLICIT_RETAIN_SELF = YES;
				CLANG_WARN_OBJC_LITERAL_CONVERSION = YES;
				CLANG_WARN_OBJC_ROOT_CLASS = YES_ERROR;
				CLANG_WARN_QUOTED_INCLUDE_IN_FRAMEWORK_HEADER = YES;
				CLANG_WARN_RANGE_LOOP_ANALYSIS = YES;
				CLANG_WARN_STRICT_PROTOTYPES = YES;
				CLANG_WARN_SUSPICIOUS_MOVE = YES;
				CLANG_WARN_UNGUARDED_AVAILABILITY = YES_AGGRESSIVE;
				CLANG_WARN_UNREACHABLE_CODE = YES;
				CLANG_WARN__DUPLICATE_METHOD_MATCH = YES;
				COPY_PHASE_STRIP = NO;
				DEBUG_INFORMATION_FORMAT = dwarf;
				ENABLE_STRICT_OBJC_MSGSEND = YES;
				ENABLE_TESTABILITY = YES;
				GCC_C_LANGUAGE_STANDARD = gnu11;
				GCC_DYNAMIC_NO_PIC = NO;
				GCC_NO_COMMON_BLOCKS = YES;
				GCC_OPTIMIZATION_LEVEL = 0;
				GCC_PREPROCESSOR_DEFINITIONS = (
					"DEBUG=1",
					"$(inherited)",
				);
				GCC_WARN_64_TO_32_BIT_CONVERSION = YES;
				GCC_WARN_ABOUT_RETURN_TYPE = YES_ERROR;
				GCC_WARN_UNDECLARED_SELECTOR = YES;
				GCC_WARN_UNINITIALIZED_AUTOS = YES_AGGRESSIVE;
				GCC_WARN_UNUSED_FUNCTION = YES;
				GCC_WARN_UNUSED_VARIABLE = YES;
				IPHONEOS_DEPLOYMENT_TARGET = 15.2;
				MTL_ENABLE_DEBUG_INFO = INCLUDE_SOURCE;
				MTL_FAST_MATH = YES;
				ONLY_ACTIVE_ARCH = YES;
				SDKROOT = iphoneos;
				SWIFT_ACTIVE_COMPILATION_CONDITIONS = DEBUG;
				SWIFT_OPTIMIZATION_LEVEL = "-Onone";
			};
			name = Debug;
		};
		5B658E23287C0930008D6022 /* Release */ = {
			isa = XCBuildConfiguration;
			buildSettings = {
				ALWAYS_SEARCH_USER_PATHS = NO;
				CLANG_ANALYZER_NONNULL = YES;
				CLANG_ANALYZER_NUMBER_OBJECT_CONVERSION = YES_AGGRESSIVE;
				CLANG_CXX_LANGUAGE_STANDARD = "gnu++17";
				CLANG_CXX_LIBRARY = "libc++";
				CLANG_ENABLE_MODULES = YES;
				CLANG_ENABLE_OBJC_ARC = YES;
				CLANG_ENABLE_OBJC_WEAK = YES;
				CLANG_WARN_BLOCK_CAPTURE_AUTORELEASING = YES;
				CLANG_WARN_BOOL_CONVERSION = YES;
				CLANG_WARN_COMMA = YES;
				CLANG_WARN_CONSTANT_CONVERSION = YES;
				CLANG_WARN_DEPRECATED_OBJC_IMPLEMENTATIONS = YES;
				CLANG_WARN_DIRECT_OBJC_ISA_USAGE = YES_ERROR;
				CLANG_WARN_DOCUMENTATION_COMMENTS = YES;
				CLANG_WARN_EMPTY_BODY = YES;
				CLANG_WARN_ENUM_CONVERSION = YES;
				CLANG_WARN_INFINITE_RECURSION = YES;
				CLANG_WARN_INT_CONVERSION = YES;
				CLANG_WARN_NON_LITERAL_NULL_CONVERSION = YES;
				CLANG_WARN_OBJC_IMPLICIT_RETAIN_SELF = YES;
				CLANG_WARN_OBJC_LITERAL_CONVERSION = YES;
				CLANG_WARN_OBJC_ROOT_CLASS = YES_ERROR;
				CLANG_WARN_QUOTED_INCLUDE_IN_FRAMEWORK_HEADER = YES;
				CLANG_WARN_RANGE_LOOP_ANALYSIS = YES;
				CLANG_WARN_STRICT_PROTOTYPES = YES;
				CLANG_WARN_SUSPICIOUS_MOVE = YES;
				CLANG_WARN_UNGUARDED_AVAILABILITY = YES_AGGRESSIVE;
				CLANG_WARN_UNREACHABLE_CODE = YES;
				CLANG_WARN__DUPLICATE_METHOD_MATCH = YES;
				COPY_PHASE_STRIP = NO;
				DEBUG_INFORMATION_FORMAT = "dwarf-with-dsym";
				ENABLE_NS_ASSERTIONS = NO;
				ENABLE_STRICT_OBJC_MSGSEND = YES;
				GCC_C_LANGUAGE_STANDARD = gnu11;
				GCC_NO_COMMON_BLOCKS = YES;
				GCC_WARN_64_TO_32_BIT_CONVERSION = YES;
				GCC_WARN_ABOUT_RETURN_TYPE = YES_ERROR;
				GCC_WARN_UNDECLARED_SELECTOR = YES;
				GCC_WARN_UNINITIALIZED_AUTOS = YES_AGGRESSIVE;
				GCC_WARN_UNUSED_FUNCTION = YES;
				GCC_WARN_UNUSED_VARIABLE = YES;
				IPHONEOS_DEPLOYMENT_TARGET = 15.2;
				MTL_ENABLE_DEBUG_INFO = NO;
				MTL_FAST_MATH = YES;
				SDKROOT = iphoneos;
				SWIFT_COMPILATION_MODE = wholemodule;
				SWIFT_OPTIMIZATION_LEVEL = "-O";
				VALIDATE_PRODUCT = YES;
			};
			name = Release;
		};
		5B658E25287C0930008D6022 /* Debug */ = {
			isa = XCBuildConfiguration;
			buildSettings = {
				ASSETCATALOG_COMPILER_APPICON_NAME = AppIcon;
				ASSETCATALOG_COMPILER_GLOBAL_ACCENT_COLOR_NAME = AccentColor;
				CODE_SIGN_STYLE = Automatic;
				CURRENT_PROJECT_VERSION = 1;
				GENERATE_INFOPLIST_FILE = YES;
				INFOPLIST_FILE = RevertTest/Info.plist;
				INFOPLIST_KEY_UIApplicationSupportsIndirectInputEvents = YES;
				INFOPLIST_KEY_UILaunchStoryboardName = LaunchScreen;
				INFOPLIST_KEY_UIMainStoryboardFile = Main;
				INFOPLIST_KEY_UISupportedInterfaceOrientations_iPad = "UIInterfaceOrientationPortrait UIInterfaceOrientationPortraitUpsideDown UIInterfaceOrientationLandscapeLeft UIInterfaceOrientationLandscapeRight";
				INFOPLIST_KEY_UISupportedInterfaceOrientations_iPhone = "UIInterfaceOrientationPortrait UIInterfaceOrientationLandscapeLeft UIInterfaceOrientationLandscapeRight";
				LD_RUNPATH_SEARCH_PATHS = (
					"$(inherited)",
					"@executable_path/Frameworks",
				);
				MARKETING_VERSION = 1.0;
				PRODUCT_BUNDLE_IDENTIFIER = suri.RevertTest;
				PRODUCT_NAME = "$(TARGET_NAME)";
				SWIFT_EMIT_LOC_STRINGS = YES;
				SWIFT_VERSION = 5.0;
				TARGETED_DEVICE_FAMILY = "1,2";
			};
			name = Debug;
		};
		5B658E26287C0930008D6022 /* Release */ = {
			isa = XCBuildConfiguration;
			buildSettings = {
				ASSETCATALOG_COMPILER_APPICON_NAME = AppIcon;
				ASSETCATALOG_COMPILER_GLOBAL_ACCENT_COLOR_NAME = AccentColor;
				CODE_SIGN_STYLE = Automatic;
				CURRENT_PROJECT_VERSION = 1;
				GENERATE_INFOPLIST_FILE = YES;
				INFOPLIST_FILE = RevertTest/Info.plist;
				INFOPLIST_KEY_UIApplicationSupportsIndirectInputEvents = YES;
				INFOPLIST_KEY_UILaunchStoryboardName = LaunchScreen;
				INFOPLIST_KEY_UIMainStoryboardFile = Main;
				INFOPLIST_KEY_UISupportedInterfaceOrientations_iPad = "UIInterfaceOrientationPortrait UIInterfaceOrientationPortraitUpsideDown UIInterfaceOrientationLandscapeLeft UIInterfaceOrientationLandscapeRight";
				INFOPLIST_KEY_UISupportedInterfaceOrientations_iPhone = "UIInterfaceOrientationPortrait UIInterfaceOrientationLandscapeLeft UIInterfaceOrientationLandscapeRight";
				LD_RUNPATH_SEARCH_PATHS = (
					"$(inherited)",
					"@executable_path/Frameworks",
				);
				MARKETING_VERSION = 1.0;
				PRODUCT_BUNDLE_IDENTIFIER = suri.RevertTest;
				PRODUCT_NAME = "$(TARGET_NAME)";
				SWIFT_EMIT_LOC_STRINGS = YES;
				SWIFT_VERSION = 5.0;
				TARGETED_DEVICE_FAMILY = "1,2";
			};
			name = Release;
		};
		5B658E28287C0930008D6022 /* Debug */ = {
			isa = XCBuildConfiguration;
			buildSettings = {
				ALWAYS_EMBED_SWIFT_STANDARD_LIBRARIES = YES;
				BUNDLE_LOADER = "$(TEST_HOST)";
				CODE_SIGN_STYLE = Automatic;
				CURRENT_PROJECT_VERSION = 1;
				GENERATE_INFOPLIST_FILE = YES;
				IPHONEOS_DEPLOYMENT_TARGET = 15.2;
				MARKETING_VERSION = 1.0;
				PRODUCT_BUNDLE_IDENTIFIER = suri.RevertTestTests;
				PRODUCT_NAME = "$(TARGET_NAME)";
				SWIFT_EMIT_LOC_STRINGS = NO;
				SWIFT_VERSION = 5.0;
				TARGETED_DEVICE_FAMILY = "1,2";
				TEST_HOST = "$(BUILT_PRODUCTS_DIR)/RevertTest.app/RevertTest";
			};
			name = Debug;
		};
		5B658E29287C0930008D6022 /* Release */ = {
			isa = XCBuildConfiguration;
			buildSettings = {
				ALWAYS_EMBED_SWIFT_STANDARD_LIBRARIES = YES;
				BUNDLE_LOADER = "$(TEST_HOST)";
				CODE_SIGN_STYLE = Automatic;
				CURRENT_PROJECT_VERSION = 1;
				GENERATE_INFOPLIST_FILE = YES;
				IPHONEOS_DEPLOYMENT_TARGET = 15.2;
				MARKETING_VERSION = 1.0;
				PRODUCT_BUNDLE_IDENTIFIER = suri.RevertTestTests;
				PRODUCT_NAME = "$(TARGET_NAME)";
				SWIFT_EMIT_LOC_STRINGS = NO;
				SWIFT_VERSION = 5.0;
				TARGETED_DEVICE_FAMILY = "1,2";
				TEST_HOST = "$(BUILT_PRODUCTS_DIR)/RevertTest.app/RevertTest";
			};
			name = Release;
		};
		5B658E2B287C0930008D6022 /* Debug */ = {
			isa = XCBuildConfiguration;
			buildSettings = {
				ALWAYS_EMBED_SWIFT_STANDARD_LIBRARIES = YES;
				CODE_SIGN_STYLE = Automatic;
				CURRENT_PROJECT_VERSION = 1;
				GENERATE_INFOPLIST_FILE = YES;
				MARKETING_VERSION = 1.0;
				PRODUCT_BUNDLE_IDENTIFIER = suri.RevertTestUITests;
				PRODUCT_NAME = "$(TARGET_NAME)";
				SWIFT_EMIT_LOC_STRINGS = NO;
				SWIFT_VERSION = 5.0;
				TARGETED_DEVICE_FAMILY = "1,2";
				TEST_TARGET_NAME = RevertTest;
			};
			name = Debug;
		};
		5B658E2C287C0930008D6022 /* Release */ = {
			isa = XCBuildConfiguration;
			buildSettings = {
				ALWAYS_EMBED_SWIFT_STANDARD_LIBRARIES = YES;
				CODE_SIGN_STYLE = Automatic;
				CURRENT_PROJECT_VERSION = 1;
				GENERATE_INFOPLIST_FILE = YES;
				MARKETING_VERSION = 1.0;
				PRODUCT_BUNDLE_IDENTIFIER = suri.RevertTestUITests;
				PRODUCT_NAME = "$(TARGET_NAME)";
				SWIFT_EMIT_LOC_STRINGS = NO;
				SWIFT_VERSION = 5.0;
				TARGETED_DEVICE_FAMILY = "1,2";
				TEST_TARGET_NAME = RevertTest;
			};
			name = Release;
		};
/* End XCBuildConfiguration section */

/* Begin XCConfigurationList section */
		5B658DF5287C092E008D6022 /* Build configuration list for PBXProject "RevertTest" */ = {
			isa = XCConfigurationList;
			buildConfigurations = (
				5B658E22287C0930008D6022 /* Debug */,
				5B658E23287C0930008D6022 /* Release */,
			);
			defaultConfigurationIsVisible = 0;
			defaultConfigurationName = Release;
		};
		5B658E24287C0930008D6022 /* Build configuration list for PBXNativeTarget "RevertTest" */ = {
			isa = XCConfigurationList;
			buildConfigurations = (
				5B658E25287C0930008D6022 /* Debug */,
				5B658E26287C0930008D6022 /* Release */,
			);
			defaultConfigurationIsVisible = 0;
			defaultConfigurationName = Release;
		};
		5B658E27287C0930008D6022 /* Build configuration list for PBXNativeTarget "RevertTestTests" */ = {
			isa = XCConfigurationList;
			buildConfigurations = (
				5B658E28287C0930008D6022 /* Debug */,
				5B658E29287C0930008D6022 /* Release */,
			);
			defaultConfigurationIsVisible = 0;
			defaultConfigurationName = Release;
		};
		5B658E2A287C0930008D6022 /* Build configuration list for PBXNativeTarget "RevertTestUITests" */ = {
			isa = XCConfigurationList;
			buildConfigurations = (
				5B658E2B287C0930008D6022 /* Debug */,
				5B658E2C287C0930008D6022 /* Release */,
			);
			defaultConfigurationIsVisible = 0;
			defaultConfigurationName = Release;
		};
/* End XCConfigurationList section */
	};
	rootObject = 5B658DF2287C092E008D6022 /* Project object */;
}
